{
  "version": 4,
  "terraform_version": "1.5.7",
  "serial": 25,
  "lineage": "e813f9aa-d39d-6a08-4cc0-aee68d00c5d3",
  "outputs": {},
  "resources": [
    {
      "module": "module.k3s_cluster",
      "mode": "data",
      "type": "xenorchestra_network",
      "name": "net",
      "provider": "provider[\"registry.terraform.io/terra-farm/xenorchestra\"]",
      "instances": [
        {
          "schema_version": 0,
          "attributes": {
            "bridge": "xapi1",
            "id": "c83b7089-d5ac-2f6c-f780-15420baac47c",
            "name_label": "VMs1",
            "pool_id": "73f5b858-2780-5f32-bdff-66c7991be96d"
          },
          "sensitive_attributes": []
        }
      ]
    },
    {
      "module": "module.k3s_cluster",
      "mode": "data",
      "type": "xenorchestra_pool",
      "name": "pool",
      "provider": "provider[\"registry.terraform.io/terra-farm/xenorchestra\"]",
      "instances": [
        {
          "schema_version": 0,
          "attributes": {
            "cpus": {
              "cores": "16",
              "sockets": "2"
            },
            "description": "",
            "id": "73f5b858-2780-5f32-bdff-66c7991be96d",
            "master": "d52f2ab6-b11b-4b6c-9f1d-9e76433ef768",
            "name_label": "xcp-ng-bgupshiu"
          },
          "sensitive_attributes": []
        }
      ]
    },
    {
      "module": "module.k3s_cluster",
      "mode": "data",
      "type": "xenorchestra_template",
      "name": "template",
      "provider": "provider[\"registry.terraform.io/terra-farm/xenorchestra\"]",
      "instances": [
        {
          "schema_version": 0,
          "attributes": {
            "id": "85bae02c-3062-ef8a-ad8a-e34cde419e3e",
            "name_label": "Debian 11 Cloud-Init (Hub)",
            "pool_id": null,
            "uuid": "85bae02c-3062-ef8a-ad8a-e34cde419e3e"
          },
          "sensitive_attributes": []
        }
      ]
    },
    {
      "module": "module.k3s_cluster",
      "mode": "managed",
      "type": "xenorchestra_cloud_config",
      "name": "node_config",
      "provider": "provider[\"registry.terraform.io/terra-farm/xenorchestra\"]",
      "instances": [
        {
          "schema_version": 0,
          "attributes": {
            "id": "bd0149eb-7580-471c-b666-cc3d0713c621",
            "name": "k3s node cloud config",
            "template": "#cloud-config\npackage_upgrade: false\n\nssh_pwauth: false\n\nusers:\n- name: ansible\n  gecos: Ansible User\n  groups: users,admin,wheel\n  sudo: ALL=(ALL) NOPASSWD:ALL\n  shell: /bin/bash\n  lock_passwd: true\n  ssh_authorized_keys: ssh-rsa AAAAB3NzaC1yc2EAAAADAQABAAABgQDjzLNsVcSiBUGK6tKicGamUXCE7FfWjX2VWpa8UFoNCfz+ICU8BzyUxFduin3+hig+ExbL2mUKIfHEAYWFOb578RjZHXzyfn9VgXw0s7w3dPgDC8KXmnar80XSaM3EdjI/QqKbCD9crTPY6tmQsABvj0M2DHL9GP40qspnjCeqv8TbEVhz1N+PdwWisWM2qeEsaKPyeHPT3l69lf3LDIDOChjsLuPNoGo/xJkeEjm6UayUBSAuYR4BF5KnxdE/96ap7ntDzlV2Sg4NMR17etSTRpLm7DX3edjWb/O/vBBcwL2NB/sDS9/FBMXWwrfdZBRuj3RheeCqTMPKU4voPa4Dl++QTAngSYlfDAj9dzVQ5afUJa9qr2bg26bb7f2Db3QZ5kWXmsu76ZIbe4hiGuyhOBwaSU1wJOnOkxVXFpc4WuT0zACbINvXbkfjqMY0Zo0rOIXL0CKdWcNu4lICaap106HJPxveNnjjKMR0PQ5dvuhokA7ExON7v1Y/LShvWL8= jeroen@jeroen-Presario-CQ57"
          },
          "sensitive_attributes": [],
          "private": "bnVsbA=="
        }
      ]
    },
    {
      "module": "module.k3s_cluster",
      "mode": "managed",
      "type": "xenorchestra_vm",
      "name": "k3s_servers",
      "provider": "provider[\"registry.terraform.io/terra-farm/xenorchestra\"]",
      "instances": [
        {
          "index_key": 0,
          "schema_version": 0,
          "attributes": {
            "affinity_host": "d52f2ab6-b11b-4b6c-9f1d-9e76433ef768",
            "auto_poweron": false,
            "blocked_operations": null,
            "cdrom": [],
            "cloud_config": "#cloud-config\npackage_upgrade: false\n\nssh_pwauth: false\n\nusers:\n- name: ansible\n  gecos: Ansible User\n  groups: users,admin,wheel\n  sudo: ALL=(ALL) NOPASSWD:ALL\n  shell: /bin/bash\n  lock_passwd: true\n  ssh_authorized_keys: ssh-rsa AAAAB3NzaC1yc2EAAAADAQABAAABgQDjzLNsVcSiBUGK6tKicGamUXCE7FfWjX2VWpa8UFoNCfz+ICU8BzyUxFduin3+hig+ExbL2mUKIfHEAYWFOb578RjZHXzyfn9VgXw0s7w3dPgDC8KXmnar80XSaM3EdjI/QqKbCD9crTPY6tmQsABvj0M2DHL9GP40qspnjCeqv8TbEVhz1N+PdwWisWM2qeEsaKPyeHPT3l69lf3LDIDOChjsLuPNoGo/xJkeEjm6UayUBSAuYR4BF5KnxdE/96ap7ntDzlV2Sg4NMR17etSTRpLm7DX3edjWb/O/vBBcwL2NB/sDS9/FBMXWwrfdZBRuj3RheeCqTMPKU4voPa4Dl++QTAngSYlfDAj9dzVQ5afUJa9qr2bg26bb7f2Db3QZ5kWXmsu76ZIbe4hiGuyhOBwaSU1wJOnOkxVXFpc4WuT0zACbINvXbkfjqMY0Zo0rOIXL0CKdWcNu4lICaap106HJPxveNnjjKMR0PQ5dvuhokA7ExON7v1Y/LShvWL8= jeroen@jeroen-Presario-CQ57",
            "cloud_network_config": null,
            "core_os": false,
            "cpu_cap": 0,
            "cpu_weight": 0,
            "cpus": 2,
            "disk": [
              {
                "attached": true,
                "name_description": "",
                "name_label": "k3s test-server-1",
                "position": "0",
                "size": 10485760000,
                "sr_id": "e616a056-ce17-bab9-b276-00928e4d5354",
                "vbd_id": "93562dd8-134b-fca8-c914-a9f61eb98b68",
                "vdi_id": "41ab8918-9315-4deb-9e9c-7f86f5a9745b"
              }
            ],
            "exp_nested_hvm": false,
            "high_availability": "",
            "host": null,
            "hvm_boot_firmware": "bios",
            "id": "7aa8caef-0af3-b9a9-c072-697fe9b3a169",
            "installation_method": null,
            "ipv4_addresses": [],
            "ipv6_addresses": [],
            "memory_max": 2147483648,
            "name_description": "K3s server node created by Terraform",
            "name_label": "k3s test-server-1",
            "network": [
              {
                "attached": true,
                "device": "0",
                "ipv4_addresses": [],
                "ipv6_addresses": [],
                "mac_address": "7a:f5:62:a7:19:c6",
                "network_id": "c83b7089-d5ac-2f6c-f780-15420baac47c"
              }
            ],
            "power_state": "Running",
            "resource_set": "",
            "start_delay": 0,
            "tags": [
              "k3s",
              "k3s test",
              "terraform"
            ],
            "template": "85bae02c-3062-ef8a-ad8a-e34cde419e3e",
            "timeouts": {
              "create": "20m",
              "delete": null,
              "update": null
            },
            "vga": "std",
            "videoram": 8,
            "wait_for_ip": false
          },
          "sensitive_attributes": [],
          "private": "eyJlMmJmYjczMC1lY2FhLTExZTYtOGY4OC0zNDM2M2JjN2M0YzAiOnsiY3JlYXRlIjoxMjAwMDAwMDAwMDAwLCJkZWxldGUiOjMwMDAwMDAwMDAwMCwidXBkYXRlIjozMDAwMDAwMDAwMDB9fQ==",
          "dependencies": [
            "module.k3s_cluster.data.xenorchestra_network.net",
            "module.k3s_cluster.data.xenorchestra_pool.pool",
            "module.k3s_cluster.data.xenorchestra_template.template",
            "module.k3s_cluster.xenorchestra_cloud_config.node_config"
          ]
        }
      ]
    },
    {
      "module": "module.k3s_cluster",
      "mode": "managed",
      "type": "xenorchestra_vm",
      "name": "k3s_workers",
      "provider": "provider[\"registry.terraform.io/terra-farm/xenorchestra\"]",
      "instances": [
        {
          "index_key": 0,
          "schema_version": 0,
          "attributes": {
            "affinity_host": "d52f2ab6-b11b-4b6c-9f1d-9e76433ef768",
            "auto_poweron": false,
            "blocked_operations": null,
            "cdrom": [],
            "cloud_config": "#cloud-config\npackage_upgrade: false\n\nssh_pwauth: false\n\nusers:\n- name: ansible\n  gecos: Ansible User\n  groups: users,admin,wheel\n  sudo: ALL=(ALL) NOPASSWD:ALL\n  shell: /bin/bash\n  lock_passwd: true\n  ssh_authorized_keys: ssh-rsa AAAAB3NzaC1yc2EAAAADAQABAAABgQDjzLNsVcSiBUGK6tKicGamUXCE7FfWjX2VWpa8UFoNCfz+ICU8BzyUxFduin3+hig+ExbL2mUKIfHEAYWFOb578RjZHXzyfn9VgXw0s7w3dPgDC8KXmnar80XSaM3EdjI/QqKbCD9crTPY6tmQsABvj0M2DHL9GP40qspnjCeqv8TbEVhz1N+PdwWisWM2qeEsaKPyeHPT3l69lf3LDIDOChjsLuPNoGo/xJkeEjm6UayUBSAuYR4BF5KnxdE/96ap7ntDzlV2Sg4NMR17etSTRpLm7DX3edjWb/O/vBBcwL2NB/sDS9/FBMXWwrfdZBRuj3RheeCqTMPKU4voPa4Dl++QTAngSYlfDAj9dzVQ5afUJa9qr2bg26bb7f2Db3QZ5kWXmsu76ZIbe4hiGuyhOBwaSU1wJOnOkxVXFpc4WuT0zACbINvXbkfjqMY0Zo0rOIXL0CKdWcNu4lICaap106HJPxveNnjjKMR0PQ5dvuhokA7ExON7v1Y/LShvWL8= jeroen@jeroen-Presario-CQ57",
            "cloud_network_config": null,
            "core_os": false,
            "cpu_cap": 0,
            "cpu_weight": 0,
            "cpus": 2,
            "disk": [
              {
                "attached": true,
                "name_description": "",
                "name_label": "k3s test-worker-1",
                "position": "0",
                "size": 10485760000,
                "sr_id": "e616a056-ce17-bab9-b276-00928e4d5354",
                "vbd_id": "f9e8a3d1-4cbe-b7f7-56bb-a4cac69d84d1",
                "vdi_id": "995c3cd2-29df-4db4-b87e-6ceabe106f20"
              }
            ],
            "exp_nested_hvm": false,
            "high_availability": "",
            "host": null,
            "hvm_boot_firmware": "bios",
            "id": "be600591-3b3e-9a20-7cde-4c01d386d6eb",
            "installation_method": null,
            "ipv4_addresses": [],
            "ipv6_addresses": [],
            "memory_max": 2147483648,
            "name_description": "K3s worker node created by Terraform",
            "name_label": "k3s test-worker-1",
            "network": [
              {
                "attached": true,
                "device": "0",
                "ipv4_addresses": [],
                "ipv6_addresses": [],
                "mac_address": "b6:ae:59:3a:70:f4",
                "network_id": "c83b7089-d5ac-2f6c-f780-15420baac47c"
              }
            ],
            "power_state": "Running",
            "resource_set": "",
            "start_delay": 0,
            "tags": [
              "k3s",
              "k3s test",
              "terraform"
            ],
            "template": "85bae02c-3062-ef8a-ad8a-e34cde419e3e",
            "timeouts": {
              "create": "20m",
              "delete": null,
              "update": null
            },
            "vga": "std",
            "videoram": 8,
            "wait_for_ip": false
          },
          "sensitive_attributes": [],
          "private": "eyJlMmJmYjczMC1lY2FhLTExZTYtOGY4OC0zNDM2M2JjN2M0YzAiOnsiY3JlYXRlIjoxMjAwMDAwMDAwMDAwLCJkZWxldGUiOjMwMDAwMDAwMDAwMCwidXBkYXRlIjozMDAwMDAwMDAwMDB9fQ==",
          "dependencies": [
            "module.k3s_cluster.data.xenorchestra_network.net",
            "module.k3s_cluster.data.xenorchestra_pool.pool",
            "module.k3s_cluster.data.xenorchestra_template.template",
            "module.k3s_cluster.xenorchestra_cloud_config.node_config"
          ]
        },
        {
          "index_key": 1,
          "schema_version": 0,
          "attributes": {
            "affinity_host": "d52f2ab6-b11b-4b6c-9f1d-9e76433ef768",
            "auto_poweron": false,
            "blocked_operations": null,
            "cdrom": [],
            "cloud_config": "#cloud-config\npackage_upgrade: false\n\nssh_pwauth: false\n\nusers:\n- name: ansible\n  gecos: Ansible User\n  groups: users,admin,wheel\n  sudo: ALL=(ALL) NOPASSWD:ALL\n  shell: /bin/bash\n  lock_passwd: true\n  ssh_authorized_keys: ssh-rsa AAAAB3NzaC1yc2EAAAADAQABAAABgQDjzLNsVcSiBUGK6tKicGamUXCE7FfWjX2VWpa8UFoNCfz+ICU8BzyUxFduin3+hig+ExbL2mUKIfHEAYWFOb578RjZHXzyfn9VgXw0s7w3dPgDC8KXmnar80XSaM3EdjI/QqKbCD9crTPY6tmQsABvj0M2DHL9GP40qspnjCeqv8TbEVhz1N+PdwWisWM2qeEsaKPyeHPT3l69lf3LDIDOChjsLuPNoGo/xJkeEjm6UayUBSAuYR4BF5KnxdE/96ap7ntDzlV2Sg4NMR17etSTRpLm7DX3edjWb/O/vBBcwL2NB/sDS9/FBMXWwrfdZBRuj3RheeCqTMPKU4voPa4Dl++QTAngSYlfDAj9dzVQ5afUJa9qr2bg26bb7f2Db3QZ5kWXmsu76ZIbe4hiGuyhOBwaSU1wJOnOkxVXFpc4WuT0zACbINvXbkfjqMY0Zo0rOIXL0CKdWcNu4lICaap106HJPxveNnjjKMR0PQ5dvuhokA7ExON7v1Y/LShvWL8= jeroen@jeroen-Presario-CQ57",
            "cloud_network_config": null,
            "core_os": false,
            "cpu_cap": 0,
            "cpu_weight": 0,
            "cpus": 2,
            "disk": [
              {
                "attached": true,
                "name_description": "",
                "name_label": "k3s test-worker-2",
                "position": "0",
                "size": 10485760000,
                "sr_id": "e616a056-ce17-bab9-b276-00928e4d5354",
                "vbd_id": "c052e88f-557f-286f-9746-00868d416aec",
                "vdi_id": "420917c6-ab9c-4075-a708-12a621b78ef7"
              }
            ],
            "exp_nested_hvm": false,
            "high_availability": "",
            "host": null,
            "hvm_boot_firmware": "bios",
            "id": "2e4f10a1-51f3-6b97-8cab-37ea4b22e5f9",
            "installation_method": null,
            "ipv4_addresses": [],
            "ipv6_addresses": [],
            "memory_max": 2147483648,
            "name_description": "K3s worker node created by Terraform",
            "name_label": "k3s test-worker-2",
            "network": [
              {
                "attached": true,
                "device": "0",
                "ipv4_addresses": [],
                "ipv6_addresses": [],
                "mac_address": "ba:88:be:4c:8a:b8",
                "network_id": "c83b7089-d5ac-2f6c-f780-15420baac47c"
              }
            ],
            "power_state": "Running",
            "resource_set": "",
            "start_delay": 0,
            "tags": [
              "k3s",
              "k3s test",
              "terraform"
            ],
            "template": "85bae02c-3062-ef8a-ad8a-e34cde419e3e",
            "timeouts": {
              "create": "20m",
              "delete": null,
              "update": null
            },
            "vga": "std",
            "videoram": 8,
            "wait_for_ip": false
          },
          "sensitive_attributes": [],
          "private": "eyJlMmJmYjczMC1lY2FhLTExZTYtOGY4OC0zNDM2M2JjN2M0YzAiOnsiY3JlYXRlIjoxMjAwMDAwMDAwMDAwLCJkZWxldGUiOjMwMDAwMDAwMDAwMCwidXBkYXRlIjozMDAwMDAwMDAwMDB9fQ==",
          "dependencies": [
            "module.k3s_cluster.data.xenorchestra_network.net",
            "module.k3s_cluster.data.xenorchestra_pool.pool",
            "module.k3s_cluster.data.xenorchestra_template.template",
            "module.k3s_cluster.xenorchestra_cloud_config.node_config"
          ]
        },
        {
          "index_key": 2,
          "schema_version": 0,
          "attributes": {
            "affinity_host": "d52f2ab6-b11b-4b6c-9f1d-9e76433ef768",
            "auto_poweron": false,
            "blocked_operations": null,
            "cdrom": [],
            "cloud_config": "#cloud-config\npackage_upgrade: false\n\nssh_pwauth: false\n\nusers:\n- name: ansible\n  gecos: Ansible User\n  groups: users,admin,wheel\n  sudo: ALL=(ALL) NOPASSWD:ALL\n  shell: /bin/bash\n  lock_passwd: true\n  ssh_authorized_keys: ssh-rsa AAAAB3NzaC1yc2EAAAADAQABAAABgQDjzLNsVcSiBUGK6tKicGamUXCE7FfWjX2VWpa8UFoNCfz+ICU8BzyUxFduin3+hig+ExbL2mUKIfHEAYWFOb578RjZHXzyfn9VgXw0s7w3dPgDC8KXmnar80XSaM3EdjI/QqKbCD9crTPY6tmQsABvj0M2DHL9GP40qspnjCeqv8TbEVhz1N+PdwWisWM2qeEsaKPyeHPT3l69lf3LDIDOChjsLuPNoGo/xJkeEjm6UayUBSAuYR4BF5KnxdE/96ap7ntDzlV2Sg4NMR17etSTRpLm7DX3edjWb/O/vBBcwL2NB/sDS9/FBMXWwrfdZBRuj3RheeCqTMPKU4voPa4Dl++QTAngSYlfDAj9dzVQ5afUJa9qr2bg26bb7f2Db3QZ5kWXmsu76ZIbe4hiGuyhOBwaSU1wJOnOkxVXFpc4WuT0zACbINvXbkfjqMY0Zo0rOIXL0CKdWcNu4lICaap106HJPxveNnjjKMR0PQ5dvuhokA7ExON7v1Y/LShvWL8= jeroen@jeroen-Presario-CQ57",
            "cloud_network_config": null,
            "core_os": false,
            "cpu_cap": 0,
            "cpu_weight": 0,
            "cpus": 2,
            "disk": [
              {
                "attached": true,
                "name_description": "",
                "name_label": "k3s test-worker-3",
                "position": "0",
                "size": 10485760000,
                "sr_id": "e616a056-ce17-bab9-b276-00928e4d5354",
                "vbd_id": "fbef47a4-98fa-81fb-2ec4-48bb325c0b0f",
                "vdi_id": "3a32f7f2-40a1-460d-a478-b095c5363f4c"
              }
            ],
            "exp_nested_hvm": false,
            "high_availability": "",
            "host": null,
            "hvm_boot_firmware": "bios",
            "id": "a002ac48-8b9e-e8c9-f67e-aaf638c63940",
            "installation_method": null,
            "ipv4_addresses": [],
            "ipv6_addresses": [],
            "memory_max": 2147483648,
            "name_description": "K3s worker node created by Terraform",
            "name_label": "k3s test-worker-3",
            "network": [
              {
                "attached": true,
                "device": "0",
                "ipv4_addresses": [],
                "ipv6_addresses": [],
                "mac_address": "a2:92:0f:0b:0e:54",
                "network_id": "c83b7089-d5ac-2f6c-f780-15420baac47c"
              }
            ],
            "power_state": "Running",
            "resource_set": "",
            "start_delay": 0,
            "tags": [
              "k3s",
              "k3s test",
              "terraform"
            ],
            "template": "85bae02c-3062-ef8a-ad8a-e34cde419e3e",
            "timeouts": {
              "create": "20m",
              "delete": null,
              "update": null
            },
            "vga": "std",
            "videoram": 8,
            "wait_for_ip": false
          },
          "sensitive_attributes": [],
          "private": "eyJlMmJmYjczMC1lY2FhLTExZTYtOGY4OC0zNDM2M2JjN2M0YzAiOnsiY3JlYXRlIjoxMjAwMDAwMDAwMDAwLCJkZWxldGUiOjMwMDAwMDAwMDAwMCwidXBkYXRlIjozMDAwMDAwMDAwMDB9fQ==",
          "dependencies": [
            "module.k3s_cluster.data.xenorchestra_network.net",
            "module.k3s_cluster.data.xenorchestra_pool.pool",
            "module.k3s_cluster.data.xenorchestra_template.template",
            "module.k3s_cluster.xenorchestra_cloud_config.node_config"
          ]
        }
      ]
    }
  ],
  "check_results": null
}
